
Microsoft Visual Studio Solution File, Format Version 12.00
# Visual Studio Version 16
VisualStudioVersion = 16.0.31019.35
MinimumVisualStudioVersion = 10.0.40219.1
Project("{FAE04EC0-301F-11D3-BF4B-00C04F79EFBC}") = "JNWeb", "JNWeb\JNWeb.csproj", "{267396E0-C2A3-46DC-8756-369D68AD6756}"
EndProject
Global
	GlobalSection(SolutionConfigurationPlatforms) = preSolution
		Debug|Any CPU = Debug|Any CPU
		Release|Any CPU = Release|Any CPU
	EndGlobalSection
	GlobalSection(ProjectConfigurationPlatforms) = postSolution
		{267396E0-C2A3-46DC-8756-369D68AD6756}.Debug|Any CPU.ActiveCfg = Debug|Any CPU
		{267396E0-C2A3-46DC-8756-369D68AD6756}.Debug|Any CPU.Build.0 = Debug|Any CPU
		{267396E0-C2A3-46DC-8756-369D68AD6756}.Release|Any CPU.ActiveCfg = Release|Any CPU
		{267396E0-C2A3-46DC-8756-369D68AD6756}.Release|Any CPU.Build.0 = Release|Any CPU
	EndGlobalSection
	GlobalSection(SolutionProperties) = preSolution
		HideSolutionNode = FALSE
	EndGlobalSection
	GlobalSection(ExtensibilityGlobals) = postSolution
		SolutionGuid = {59F733F5-E12B-40E3-A0C6-E168407433AE}
	EndGlobalSection
EndGlobal
